
Microsoft Visual Studio Solution File, Format Version 12.00
# Visual Studio Version 16
VisualStudioVersion = 16.0.29411.108
MinimumVisualStudioVersion = 10.0.40219.1
Project("{FAE04EC0-301F-11D3-BF4B-00C04F79EFBC}") = "WpfApp_D_NrimanProject", "WpfApp_D_NrimanProject.csproj", "{0FB204EB-6B4C-4614-A2B7-DB18B21337C5}"
EndProject
Global
	GlobalSection(SolutionConfigurationPlatforms) = preSolution
		Debug|Any CPU = Debug|Any CPU
		Release|Any CPU = Release|Any CPU
	EndGlobalSection
	GlobalSection(ProjectConfigurationPlatforms) = postSolution
		{0FB204EB-6B4C-4614-A2B7-DB18B21337C5}.Debug|Any CPU.ActiveCfg = Debug|Any CPU
		{0FB204EB-6B4C-4614-A2B7-DB18B21337C5}.Debug|Any CPU.Build.0 = Debug|Any CPU
		{0FB204EB-6B4C-4614-A2B7-DB18B21337C5}.Release|Any CPU.ActiveCfg = Release|Any CPU
		{0FB204EB-6B4C-4614-A2B7-DB18B21337C5}.Release|Any CPU.Build.0 = Release|Any CPU
	EndGlobalSection
	GlobalSection(SolutionProperties) = preSolution
		HideSolutionNode = FALSE
	EndGlobalSection
	GlobalSection(ExtensibilityGlobals) = postSolution
		SolutionGuid = {B5628E50-EAB8-4442-BBBD-F10545E603FC}
	EndGlobalSection
EndGlobal
